
Microsoft Visual Studio Solution File, Format Version 12.00
Project("{2150E333-8FDC-42A3-9474-1A3956D46DE8}") = "Api", "Api", "{2AB569F5-9E06-499D-81FF-4A519294D1B5}"
EndProject
Project("{2150E333-8FDC-42A3-9474-1A3956D46DE8}") = "Core", "Core", "{65D6A5CC-05CF-48F7-B78C-1AB03F327647}"
EndProject
Project("{2150E333-8FDC-42A3-9474-1A3956D46DE8}") = "Persistence", "Persistence", "{40A9D063-A84E-4F55-8070-B47F027D3514}"
EndProject
Project("{FAE04EC0-301F-11D3-BF4B-00C04F79EFBC}") = "SpotiHub.Api", "SpotiHub.Api\SpotiHub.Api.csproj", "{59F277AB-B897-4A84-A59B-AE52D13928E9}"
EndProject
Global
	GlobalSection(SolutionConfigurationPlatforms) = preSolution
		Debug|Any CPU = Debug|Any CPU
		Release|Any CPU = Release|Any CPU
	EndGlobalSection
	GlobalSection(NestedProjects) = preSolution
		{59F277AB-B897-4A84-A59B-AE52D13928E9} = {2AB569F5-9E06-499D-81FF-4A519294D1B5}
	EndGlobalSection
	GlobalSection(ProjectConfigurationPlatforms) = postSolution
		{59F277AB-B897-4A84-A59B-AE52D13928E9}.Debug|Any CPU.ActiveCfg = Debug|Any CPU
		{59F277AB-B897-4A84-A59B-AE52D13928E9}.Debug|Any CPU.Build.0 = Debug|Any CPU
		{59F277AB-B897-4A84-A59B-AE52D13928E9}.Release|Any CPU.ActiveCfg = Release|Any CPU
		{59F277AB-B897-4A84-A59B-AE52D13928E9}.Release|Any CPU.Build.0 = Release|Any CPU
	EndGlobalSection
EndGlobal
